// !$*UTF8*$!
{
	archiveVersion = 1;
	classes = {
	};
	objectVersion = 56;
	objects = {

/* Begin PBXBuildFile section */
		2658F1D16D5E20360BA79F29 /* libPods-BeerApp.a in Frameworks */ = {isa = PBXBuildFile; fileRef = 1373A02F62E4D32D8B1FCD9F /* libPods-BeerApp.a */; };
		8D4E692A2B474394008B8BF5 /* UIImageView.swift in Sources */ = {isa = PBXBuildFile; fileRef = 8D4E69292B474394008B8BF5 /* UIImageView.swift */; };
		8D4E692C2B474501008B8BF5 /* UITableView.swift in Sources */ = {isa = PBXBuildFile; fileRef = 8D4E692B2B474501008B8BF5 /* UITableView.swift */; };
		B2BE65E12A4451CE00F490B3 /* AppDelegate.swift in Sources */ = {isa = PBXBuildFile; fileRef = B2BE65E02A4451CE00F490B3 /* AppDelegate.swift */; };
		B2BE65E32A4451CE00F490B3 /* SceneDelegate.swift in Sources */ = {isa = PBXBuildFile; fileRef = B2BE65E22A4451CE00F490B3 /* SceneDelegate.swift */; };
		B2BE65EA2A4451D000F490B3 /* Assets.xcassets in Resources */ = {isa = PBXBuildFile; fileRef = B2BE65E92A4451D000F490B3 /* Assets.xcassets */; };
		B2BE65ED2A4451D000F490B3 /* LaunchScreen.storyboard in Resources */ = {isa = PBXBuildFile; fileRef = B2BE65EB2A4451D000F490B3 /* LaunchScreen.storyboard */; };
		B2BE65FE2A44539F00F490B3 /* StorageManager.swift in Sources */ = {isa = PBXBuildFile; fileRef = B2BE65FD2A44539F00F490B3 /* StorageManager.swift */; };
		B2BE66002A4453CB00F490B3 /* Beer.swift in Sources */ = {isa = PBXBuildFile; fileRef = B2BE65FF2A4453CB00F490B3 /* Beer.swift */; };
		B2BE66022A44540700F490B3 /* TabBarController.swift in Sources */ = {isa = PBXBuildFile; fileRef = B2BE66012A44540700F490B3 /* TabBarController.swift */; };
		B2BE66052A44545800F490B3 /* Resources.swift in Sources */ = {isa = PBXBuildFile; fileRef = B2BE66042A44545800F490B3 /* Resources.swift */; };
		B2BE66082A44548D00F490B3 /* UIColor.swift in Sources */ = {isa = PBXBuildFile; fileRef = B2BE66072A44548D00F490B3 /* UIColor.swift */; };
		B2BE660A2A44549D00F490B3 /* UIView.swift in Sources */ = {isa = PBXBuildFile; fileRef = B2BE66092A44549D00F490B3 /* UIView.swift */; };
		B2BE660C2A4454DC00F490B3 /* NavBarController.swift in Sources */ = {isa = PBXBuildFile; fileRef = B2BE660B2A4454DC00F490B3 /* NavBarController.swift */; };
		B2BE66102A44554B00F490B3 /* MenuViewController.swift in Sources */ = {isa = PBXBuildFile; fileRef = B2BE660F2A44554B00F490B3 /* MenuViewController.swift */; };
		B2BE66132A446A7D00F490B3 /* AssemblyModelBuilder.swift in Sources */ = {isa = PBXBuildFile; fileRef = B2BE66122A446A7D00F490B3 /* AssemblyModelBuilder.swift */; };
		B2BE66152A446ACD00F490B3 /* Baner.swift in Sources */ = {isa = PBXBuildFile; fileRef = B2BE66142A446ACD00F490B3 /* Baner.swift */; };
		B2BE66172A446B1000F490B3 /* NetworkServicesBeer.swift in Sources */ = {isa = PBXBuildFile; fileRef = B2BE66162A446B1000F490B3 /* NetworkServicesBeer.swift */; };
		B2BE66192A446B5E00F490B3 /* MenuPresenter.swift in Sources */ = {isa = PBXBuildFile; fileRef = B2BE66182A446B5E00F490B3 /* MenuPresenter.swift */; };
		B2BE661B2A446BB800F490B3 /* MenuDetailPresenter.swift in Sources */ = {isa = PBXBuildFile; fileRef = B2BE661A2A446BB800F490B3 /* MenuDetailPresenter.swift */; };
		B2BE661E2A446C0200F490B3 /* MenuRouter.swift in Sources */ = {isa = PBXBuildFile; fileRef = B2BE661D2A446C0200F490B3 /* MenuRouter.swift */; };
		B2BE66212A446D2000F490B3 /* BannerCell.swift in Sources */ = {isa = PBXBuildFile; fileRef = B2BE66202A446D2000F490B3 /* BannerCell.swift */; };
		B2BE66232A446D6000F490B3 /* BeerTableCell.swift in Sources */ = {isa = PBXBuildFile; fileRef = B2BE66222A446D6000F490B3 /* BeerTableCell.swift */; };
		B2BE66252A446DB200F490B3 /* CetegoryCell.swift in Sources */ = {isa = PBXBuildFile; fileRef = B2BE66242A446DB200F490B3 /* CetegoryCell.swift */; };
		B2BE66272A446DEE00F490B3 /* MenuButton.swift in Sources */ = {isa = PBXBuildFile; fileRef = B2BE66262A446DEE00F490B3 /* MenuButton.swift */; };
		B2BE66292A446E1A00F490B3 /* NavBarMenu.swift in Sources */ = {isa = PBXBuildFile; fileRef = B2BE66282A446E1A00F490B3 /* NavBarMenu.swift */; };
		B2BE662B2A446E5100F490B3 /* MenuDetailViewController.swift in Sources */ = {isa = PBXBuildFile; fileRef = B2BE662A2A446E5100F490B3 /* MenuDetailViewController.swift */; };
/* End PBXBuildFile section */

/* Begin PBXFileReference section */
		0E8CF22FF2A3290E032F179C /* Pods-BeerApp.debug.xcconfig */ = {isa = PBXFileReference; includeInIndex = 1; lastKnownFileType = text.xcconfig; name = "Pods-BeerApp.debug.xcconfig"; path = "Target Support Files/Pods-BeerApp/Pods-BeerApp.debug.xcconfig"; sourceTree = "<group>"; };
		1373A02F62E4D32D8B1FCD9F /* libPods-BeerApp.a */ = {isa = PBXFileReference; explicitFileType = archive.ar; includeInIndex = 0; path = "libPods-BeerApp.a"; sourceTree = BUILT_PRODUCTS_DIR; };
		348E01205B9D57DFB8E03253 /* Pods-BeerApp.release.xcconfig */ = {isa = PBXFileReference; includeInIndex = 1; lastKnownFileType = text.xcconfig; name = "Pods-BeerApp.release.xcconfig"; path = "Target Support Files/Pods-BeerApp/Pods-BeerApp.release.xcconfig"; sourceTree = "<group>"; };
		8D4E69292B474394008B8BF5 /* UIImageView.swift */ = {isa = PBXFileReference; lastKnownFileType = sourcecode.swift; path = UIImageView.swift; sourceTree = "<group>"; };
		8D4E692B2B474501008B8BF5 /* UITableView.swift */ = {isa = PBXFileReference; lastKnownFileType = sourcecode.swift; path = UITableView.swift; sourceTree = "<group>"; };
		B2BE65DD2A4451CE00F490B3 /* BeerApp.app */ = {isa = PBXFileReference; explicitFileType = wrapper.application; includeInIndex = 0; path = BeerApp.app; sourceTree = BUILT_PRODUCTS_DIR; };
		B2BE65E02A4451CE00F490B3 /* AppDelegate.swift */ = {isa = PBXFileReference; lastKnownFileType = sourcecode.swift; path = AppDelegate.swift; sourceTree = "<group>"; };
		B2BE65E22A4451CE00F490B3 /* SceneDelegate.swift */ = {isa = PBXFileReference; lastKnownFileType = sourcecode.swift; path = SceneDelegate.swift; sourceTree = "<group>"; };
		B2BE65E92A4451D000F490B3 /* Assets.xcassets */ = {isa = PBXFileReference; lastKnownFileType = folder.assetcatalog; path = Assets.xcassets; sourceTree = "<group>"; };
		B2BE65EC2A4451D000F490B3 /* Base */ = {isa = PBXFileReference; lastKnownFileType = file.storyboard; name = Base; path = Base.lproj/LaunchScreen.storyboard; sourceTree = "<group>"; };
		B2BE65EE2A4451D000F490B3 /* Info.plist */ = {isa = PBXFileReference; lastKnownFileType = text.plist.xml; path = Info.plist; sourceTree = "<group>"; };
		B2BE65FD2A44539F00F490B3 /* StorageManager.swift */ = {isa = PBXFileReference; lastKnownFileType = sourcecode.swift; path = StorageManager.swift; sourceTree = "<group>"; };
		B2BE65FF2A4453CB00F490B3 /* Beer.swift */ = {isa = PBXFileReference; lastKnownFileType = sourcecode.swift; path = Beer.swift; sourceTree = "<group>"; };
		B2BE66012A44540700F490B3 /* TabBarController.swift */ = {isa = PBXFileReference; lastKnownFileType = sourcecode.swift; path = TabBarController.swift; sourceTree = "<group>"; };
		B2BE66042A44545800F490B3 /* Resources.swift */ = {isa = PBXFileReference; lastKnownFileType = sourcecode.swift; path = Resources.swift; sourceTree = "<group>"; };
		B2BE66072A44548D00F490B3 /* UIColor.swift */ = {isa = PBXFileReference; lastKnownFileType = sourcecode.swift; path = UIColor.swift; sourceTree = "<group>"; };
		B2BE66092A44549D00F490B3 /* UIView.swift */ = {isa = PBXFileReference; lastKnownFileType = sourcecode.swift; path = UIView.swift; sourceTree = "<group>"; };
		B2BE660B2A4454DC00F490B3 /* NavBarController.swift */ = {isa = PBXFileReference; lastKnownFileType = sourcecode.swift; path = NavBarController.swift; sourceTree = "<group>"; };
		B2BE660F2A44554B00F490B3 /* MenuViewController.swift */ = {isa = PBXFileReference; lastKnownFileType = sourcecode.swift; path = MenuViewController.swift; sourceTree = "<group>"; };
		B2BE66122A446A7D00F490B3 /* AssemblyModelBuilder.swift */ = {isa = PBXFileReference; lastKnownFileType = sourcecode.swift; path = AssemblyModelBuilder.swift; sourceTree = "<group>"; };
		B2BE66142A446ACD00F490B3 /* Baner.swift */ = {isa = PBXFileReference; lastKnownFileType = sourcecode.swift; path = Baner.swift; sourceTree = "<group>"; };
		B2BE66162A446B1000F490B3 /* NetworkServicesBeer.swift */ = {isa = PBXFileReference; lastKnownFileType = sourcecode.swift; path = NetworkServicesBeer.swift; sourceTree = "<group>"; };
		B2BE66182A446B5E00F490B3 /* MenuPresenter.swift */ = {isa = PBXFileReference; lastKnownFileType = sourcecode.swift; path = MenuPresenter.swift; sourceTree = "<group>"; };
		B2BE661A2A446BB800F490B3 /* MenuDetailPresenter.swift */ = {isa = PBXFileReference; lastKnownFileType = sourcecode.swift; path = MenuDetailPresenter.swift; sourceTree = "<group>"; };
		B2BE661D2A446C0200F490B3 /* MenuRouter.swift */ = {isa = PBXFileReference; lastKnownFileType = sourcecode.swift; path = MenuRouter.swift; sourceTree = "<group>"; };
		B2BE66202A446D2000F490B3 /* BannerCell.swift */ = {isa = PBXFileReference; lastKnownFileType = sourcecode.swift; path = BannerCell.swift; sourceTree = "<group>"; };
		B2BE66222A446D6000F490B3 /* BeerTableCell.swift */ = {isa = PBXFileReference; lastKnownFileType = sourcecode.swift; path = BeerTableCell.swift; sourceTree = "<group>"; };
		B2BE66242A446DB200F490B3 /* CetegoryCell.swift */ = {isa = PBXFileReference; lastKnownFileType = sourcecode.swift; path = CetegoryCell.swift; sourceTree = "<group>"; };
		B2BE66262A446DEE00F490B3 /* MenuButton.swift */ = {isa = PBXFileReference; lastKnownFileType = sourcecode.swift; path = MenuButton.swift; sourceTree = "<group>"; };
		B2BE66282A446E1A00F490B3 /* NavBarMenu.swift */ = {isa = PBXFileReference; lastKnownFileType = sourcecode.swift; path = NavBarMenu.swift; sourceTree = "<group>"; };
		B2BE662A2A446E5100F490B3 /* MenuDetailViewController.swift */ = {isa = PBXFileReference; lastKnownFileType = sourcecode.swift; path = MenuDetailViewController.swift; sourceTree = "<group>"; };
/* End PBXFileReference section */

/* Begin PBXFrameworksBuildPhase section */
		B2BE65DA2A4451CE00F490B3 /* Frameworks */ = {
			isa = PBXFrameworksBuildPhase;
			buildActionMask = 2147483647;
			files = (
				2658F1D16D5E20360BA79F29 /* libPods-BeerApp.a in Frameworks */,
			);
			runOnlyForDeploymentPostprocessing = 0;
		};
/* End PBXFrameworksBuildPhase section */

/* Begin PBXGroup section */
		B2BE65D42A4451CE00F490B3 = {
			isa = PBXGroup;
			children = (
				B2BE65DF2A4451CE00F490B3 /* BeerApp */,
				B2BE65DE2A4451CE00F490B3 /* Products */,
				D240091EE3B6B78DDC132C9B /* Pods */,
				EE5862F20CAC73D042EBDF09 /* Frameworks */,
			);
			sourceTree = "<group>";
		};
		B2BE65DE2A4451CE00F490B3 /* Products */ = {
			isa = PBXGroup;
			children = (
				B2BE65DD2A4451CE00F490B3 /* BeerApp.app */,
			);
			name = Products;
			sourceTree = "<group>";
		};
		B2BE65DF2A4451CE00F490B3 /* BeerApp */ = {
			isa = PBXGroup;
			children = (
				B2BE65F42A44524D00F490B3 /* Aplication */,
				B2BE65F62A44533800F490B3 /* Builder */,
				B2BE65F72A44534200F490B3 /* Model */,
				B2BE65F82A44534D00F490B3 /* Network */,
				B2BE65FC2A44538300F490B3 /* View */,
				B2BE65F92A44536000F490B3 /* Presenter */,
				B2BE65FB2A44537500F490B3 /* Storage */,
				B2BE65F52A44525D00F490B3 /* SupportingFille */,
			);
			path = BeerApp;
			sourceTree = "<group>";
		};
		B2BE65F42A44524D00F490B3 /* Aplication */ = {
			isa = PBXGroup;
			children = (
				B2BE65E02A4451CE00F490B3 /* AppDelegate.swift */,
				B2BE65E22A4451CE00F490B3 /* SceneDelegate.swift */,
			);
			path = Aplication;
			sourceTree = "<group>";
		};
		B2BE65F52A44525D00F490B3 /* SupportingFille */ = {
			isa = PBXGroup;
			children = (
				B2BE65E92A4451D000F490B3 /* Assets.xcassets */,
				B2BE65EB2A4451D000F490B3 /* LaunchScreen.storyboard */,
				B2BE65EE2A4451D000F490B3 /* Info.plist */,
			);
			path = SupportingFille;
			sourceTree = "<group>";
		};
		B2BE65F62A44533800F490B3 /* Builder */ = {
			isa = PBXGroup;
			children = (
				B2BE65FA2A44536B00F490B3 /* Router */,
				B2BE66122A446A7D00F490B3 /* AssemblyModelBuilder.swift */,
			);
			path = Builder;
			sourceTree = "<group>";
		};
		B2BE65F72A44534200F490B3 /* Model */ = {
			isa = PBXGroup;
			children = (
				B2BE65FF2A4453CB00F490B3 /* Beer.swift */,
				B2BE66142A446ACD00F490B3 /* Baner.swift */,
			);
			path = Model;
			sourceTree = "<group>";
		};
		B2BE65F82A44534D00F490B3 /* Network */ = {
			isa = PBXGroup;
			children = (
				B2BE66162A446B1000F490B3 /* NetworkServicesBeer.swift */,
			);
			path = Network;
			sourceTree = "<group>";
		};
		B2BE65F92A44536000F490B3 /* Presenter */ = {
			isa = PBXGroup;
			children = (
				B2BE661C2A446BDC00F490B3 /* MenuPresenter */,
			);
			path = Presenter;
			sourceTree = "<group>";
		};
		B2BE65FA2A44536B00F490B3 /* Router */ = {
			isa = PBXGroup;
			children = (
				B2BE661D2A446C0200F490B3 /* MenuRouter.swift */,
			);
			path = Router;
			sourceTree = "<group>";
		};
		B2BE65FB2A44537500F490B3 /* Storage */ = {
			isa = PBXGroup;
			children = (
				B2BE65FD2A44539F00F490B3 /* StorageManager.swift */,
			);
			path = Storage;
			sourceTree = "<group>";
		};
		B2BE65FC2A44538300F490B3 /* View */ = {
			isa = PBXGroup;
			children = (
				B2BE660D2A44551400F490B3 /* Controllers */,
				B2BE66062A44547600F490B3 /* Extension */,
				B2BE66032A44543700F490B3 /* Resources */,
				B2BE66012A44540700F490B3 /* TabBarController.swift */,
				B2BE660B2A4454DC00F490B3 /* NavBarController.swift */,
			);
			path = View;
			sourceTree = "<group>";
		};
		B2BE66032A44543700F490B3 /* Resources */ = {
			isa = PBXGroup;
			children = (
				B2BE66042A44545800F490B3 /* Resources.swift */,
			);
			path = Resources;
			sourceTree = "<group>";
		};
		B2BE66062A44547600F490B3 /* Extension */ = {
			isa = PBXGroup;
			children = (
				B2BE66072A44548D00F490B3 /* UIColor.swift */,
				B2BE66092A44549D00F490B3 /* UIView.swift */,
				8D4E69292B474394008B8BF5 /* UIImageView.swift */,
				8D4E692B2B474501008B8BF5 /* UITableView.swift */,
			);
			path = Extension;
			sourceTree = "<group>";
		};
		B2BE660D2A44551400F490B3 /* Controllers */ = {
			isa = PBXGroup;
			children = (
				B2BE660E2A44552700F490B3 /* Menu */,
			);
			path = Controllers;
			sourceTree = "<group>";
		};
		B2BE660E2A44552700F490B3 /* Menu */ = {
			isa = PBXGroup;
			children = (
				B2BE661F2A446D0000F490B3 /* Views */,
				B2BE660F2A44554B00F490B3 /* MenuViewController.swift */,
				B2BE662A2A446E5100F490B3 /* MenuDetailViewController.swift */,
			);
			path = Menu;
			sourceTree = "<group>";
		};
		B2BE661C2A446BDC00F490B3 /* MenuPresenter */ = {
			isa = PBXGroup;
			children = (
				B2BE66182A446B5E00F490B3 /* MenuPresenter.swift */,
				B2BE661A2A446BB800F490B3 /* MenuDetailPresenter.swift */,
			);
			path = MenuPresenter;
			sourceTree = "<group>";
		};
		B2BE661F2A446D0000F490B3 /* Views */ = {
			isa = PBXGroup;
			children = (
				B2BE66202A446D2000F490B3 /* BannerCell.swift */,
				B2BE66222A446D6000F490B3 /* BeerTableCell.swift */,
				B2BE66242A446DB200F490B3 /* CetegoryCell.swift */,
				B2BE66262A446DEE00F490B3 /* MenuButton.swift */,
				B2BE66282A446E1A00F490B3 /* NavBarMenu.swift */,
			);
			path = Views;
			sourceTree = "<group>";
		};
		D240091EE3B6B78DDC132C9B /* Pods */ = {
			isa = PBXGroup;
			children = (
				0E8CF22FF2A3290E032F179C /* Pods-BeerApp.debug.xcconfig */,
				348E01205B9D57DFB8E03253 /* Pods-BeerApp.release.xcconfig */,
			);
			path = Pods;
			sourceTree = "<group>";
		};
		EE5862F20CAC73D042EBDF09 /* Frameworks */ = {
			isa = PBXGroup;
			children = (
				1373A02F62E4D32D8B1FCD9F /* libPods-BeerApp.a */,
			);
			name = Frameworks;
			sourceTree = "<group>";
		};
/* End PBXGroup section */

/* Begin PBXNativeTarget section */
		B2BE65DC2A4451CE00F490B3 /* BeerApp */ = {
			isa = PBXNativeTarget;
			buildConfigurationList = B2BE65F12A4451D000F490B3 /* Build configuration list for PBXNativeTarget "BeerApp" */;
			buildPhases = (
				503524FE7C2577A38BF2B08C /* [CP] Check Pods Manifest.lock */,
				B2BE65D92A4451CE00F490B3 /* Sources */,
				B2BE65DA2A4451CE00F490B3 /* Frameworks */,
				B2BE65DB2A4451CE00F490B3 /* Resources */,
				040D45B701803F4503EBC1EB /* [CP] Copy Pods Resources */,
			);
			buildRules = (
			);
			dependencies = (
			);
			name = BeerApp;
			productName = BeerApp;
			productReference = B2BE65DD2A4451CE00F490B3 /* BeerApp.app */;
			productType = "com.apple.product-type.application";
		};
/* End PBXNativeTarget section */

/* Begin PBXProject section */
		B2BE65D52A4451CE00F490B3 /* Project object */ = {
			isa = PBXProject;
			attributes = {
				BuildIndependentTargetsInParallel = 1;
				LastSwiftUpdateCheck = 1430;
				LastUpgradeCheck = 1510;
				TargetAttributes = {
					B2BE65DC2A4451CE00F490B3 = {
						CreatedOnToolsVersion = 14.3.1;
					};
				};
			};
			buildConfigurationList = B2BE65D82A4451CE00F490B3 /* Build configuration list for PBXProject "BeerApp" */;
			compatibilityVersion = "Xcode 14.0";
			developmentRegion = en;
			hasScannedForEncodings = 0;
			knownRegions = (
				en,
				Base,
			);
			mainGroup = B2BE65D42A4451CE00F490B3;
			productRefGroup = B2BE65DE2A4451CE00F490B3 /* Products */;
			projectDirPath = "";
			projectRoot = "";
			targets = (
				B2BE65DC2A4451CE00F490B3 /* BeerApp */,
			);
		};
/* End PBXProject section */

/* Begin PBXResourcesBuildPhase section */
		B2BE65DB2A4451CE00F490B3 /* Resources */ = {
			isa = PBXResourcesBuildPhase;
			buildActionMask = 2147483647;
			files = (
				B2BE65ED2A4451D000F490B3 /* LaunchScreen.storyboard in Resources */,
				B2BE65EA2A4451D000F490B3 /* Assets.xcassets in Resources */,
			);
			runOnlyForDeploymentPostprocessing = 0;
		};
/* End PBXResourcesBuildPhase section */

/* Begin PBXShellScriptBuildPhase section */
		040D45B701803F4503EBC1EB /* [CP] Copy Pods Resources */ = {
			isa = PBXShellScriptBuildPhase;
			buildActionMask = 2147483647;
			files = (
			);
			inputFileListPaths = (
				"${PODS_ROOT}/Target Support Files/Pods-BeerApp/Pods-BeerApp-resources-${CONFIGURATION}-input-files.xcfilelist",
			);
			name = "[CP] Copy Pods Resources";
			outputFileListPaths = (
				"${PODS_ROOT}/Target Support Files/Pods-BeerApp/Pods-BeerApp-resources-${CONFIGURATION}-output-files.xcfilelist",
			);
			runOnlyForDeploymentPostprocessing = 0;
			shellPath = /bin/sh;
			shellScript = "\"${PODS_ROOT}/Target Support Files/Pods-BeerApp/Pods-BeerApp-resources.sh\"\n";
			showEnvVarsInLog = 0;
		};
		503524FE7C2577A38BF2B08C /* [CP] Check Pods Manifest.lock */ = {
			isa = PBXShellScriptBuildPhase;
			buildActionMask = 2147483647;
			files = (
			);
			inputFileListPaths = (
			);
			inputPaths = (
				"${PODS_PODFILE_DIR_PATH}/Podfile.lock",
				"${PODS_ROOT}/Manifest.lock",
			);
			name = "[CP] Check Pods Manifest.lock";
			outputFileListPaths = (
			);
			outputPaths = (
				"$(DERIVED_FILE_DIR)/Pods-BeerApp-checkManifestLockResult.txt",
			);
			runOnlyForDeploymentPostprocessing = 0;
			shellPath = /bin/sh;
			shellScript = "diff \"${PODS_PODFILE_DIR_PATH}/Podfile.lock\" \"${PODS_ROOT}/Manifest.lock\" > /dev/null\nif [ $? != 0 ] ; then\n    # print error to STDERR\n    echo \"error: The sandbox is not in sync with the Podfile.lock. Run 'pod install' or update your CocoaPods installation.\" >&2\n    exit 1\nfi\n# This output is used by Xcode 'outputs' to avoid re-running this script phase.\necho \"SUCCESS\" > \"${SCRIPT_OUTPUT_FILE_0}\"\n";
			showEnvVarsInLog = 0;
		};
/* End PBXShellScriptBuildPhase section */

/* Begin PBXSourcesBuildPhase section */
		B2BE65D92A4451CE00F490B3 /* Sources */ = {
			isa = PBXSourcesBuildPhase;
			buildActionMask = 2147483647;
			files = (
				B2BE65FE2A44539F00F490B3 /* StorageManager.swift in Sources */,
				B2BE661E2A446C0200F490B3 /* MenuRouter.swift in Sources */,
				B2BE66102A44554B00F490B3 /* MenuViewController.swift in Sources */,
				B2BE65E12A4451CE00F490B3 /* AppDelegate.swift in Sources */,
				B2BE66252A446DB200F490B3 /* CetegoryCell.swift in Sources */,
				8D4E692C2B474501008B8BF5 /* UITableView.swift in Sources */,
				B2BE66082A44548D00F490B3 /* UIColor.swift in Sources */,
				B2BE65E32A4451CE00F490B3 /* SceneDelegate.swift in Sources */,
				B2BE66052A44545800F490B3 /* Resources.swift in Sources */,
				B2BE66212A446D2000F490B3 /* BannerCell.swift in Sources */,
				B2BE66022A44540700F490B3 /* TabBarController.swift in Sources */,
				B2BE66132A446A7D00F490B3 /* AssemblyModelBuilder.swift in Sources */,
				B2BE660A2A44549D00F490B3 /* UIView.swift in Sources */,
				B2BE66272A446DEE00F490B3 /* MenuButton.swift in Sources */,
				B2BE660C2A4454DC00F490B3 /* NavBarController.swift in Sources */,
				B2BE66172A446B1000F490B3 /* NetworkServicesBeer.swift in Sources */,
				B2BE66152A446ACD00F490B3 /* Baner.swift in Sources */,
				B2BE662B2A446E5100F490B3 /* MenuDetailViewController.swift in Sources */,
				B2BE66232A446D6000F490B3 /* BeerTableCell.swift in Sources */,
				B2BE66002A4453CB00F490B3 /* Beer.swift in Sources */,
				8D4E692A2B474394008B8BF5 /* UIImageView.swift in Sources */,
				B2BE661B2A446BB800F490B3 /* MenuDetailPresenter.swift in Sources */,
				B2BE66292A446E1A00F490B3 /* NavBarMenu.swift in Sources */,
				B2BE66192A446B5E00F490B3 /* MenuPresenter.swift in Sources */,
			);
			runOnlyForDeploymentPostprocessing = 0;
		};
/* End PBXSourcesBuildPhase section */

/* Begin PBXVariantGroup section */
		B2BE65EB2A4451D000F490B3 /* LaunchScreen.storyboard */ = {
			isa = PBXVariantGroup;
			children = (
				B2BE65EC2A4451D000F490B3 /* Base */,
			);
			name = LaunchScreen.storyboard;
			sourceTree = "<group>";
		};
/* End PBXVariantGroup section */

/* Begin XCBuildConfiguration section */
		B2BE65EF2A4451D000F490B3 /* Debug */ = {
			isa = XCBuildConfiguration;
			buildSettings = {
				ALWAYS_SEARCH_USER_PATHS = NO;
				CLANG_ANALYZER_NONNULL = YES;
				CLANG_ANALYZER_NUMBER_OBJECT_CONVERSION = YES_AGGRESSIVE;
				CLANG_CXX_LANGUAGE_STANDARD = "gnu++20";
				CLANG_ENABLE_MODULES = YES;
				CLANG_ENABLE_OBJC_ARC = YES;
				CLANG_ENABLE_OBJC_WEAK = YES;
				CLANG_WARN_BLOCK_CAPTURE_AUTORELEASING = YES;
				CLANG_WARN_BOOL_CONVERSION = YES;
				CLANG_WARN_COMMA = YES;
				CLANG_WARN_CONSTANT_CONVERSION = YES;
				CLANG_WARN_DEPRECATED_OBJC_IMPLEMENTATIONS = YES;
				CLANG_WARN_DIRECT_OBJC_ISA_USAGE = YES_ERROR;
				CLANG_WARN_DOCUMENTATION_COMMENTS = YES;
				CLANG_WARN_EMPTY_BODY = YES;
				CLANG_WARN_ENUM_CONVERSION = YES;
				CLANG_WARN_INFINITE_RECURSION = YES;
				CLANG_WARN_INT_CONVERSION = YES;
				CLANG_WARN_NON_LITERAL_NULL_CONVERSION = YES;
				CLANG_WARN_OBJC_IMPLICIT_RETAIN_SELF = YES;
				CLANG_WARN_OBJC_LITERAL_CONVERSION = YES;
				CLANG_WARN_OBJC_ROOT_CLASS = YES_ERROR;
				CLANG_WARN_QUOTED_INCLUDE_IN_FRAMEWORK_HEADER = YES;
				CLANG_WARN_RANGE_LOOP_ANALYSIS = YES;
				CLANG_WARN_STRICT_PROTOTYPES = YES;
				CLANG_WARN_SUSPICIOUS_MOVE = YES;
				CLANG_WARN_UNGUARDED_AVAILABILITY = YES_AGGRESSIVE;
				CLANG_WARN_UNREACHABLE_CODE = YES;
				CLANG_WARN__DUPLICATE_METHOD_MATCH = YES;
				COPY_PHASE_STRIP = NO;
				DEBUG_INFORMATION_FORMAT = dwarf;
				ENABLE_STRICT_OBJC_MSGSEND = YES;
				ENABLE_TESTABILITY = YES;
				ENABLE_USER_SCRIPT_SANDBOXING = NO;
				GCC_C_LANGUAGE_STANDARD = gnu11;
				GCC_DYNAMIC_NO_PIC = NO;
				GCC_NO_COMMON_BLOCKS = YES;
				GCC_OPTIMIZATION_LEVEL = 0;
				GCC_PREPROCESSOR_DEFINITIONS = (
					"DEBUG=1",
					"$(inherited)",
				);
				GCC_WARN_64_TO_32_BIT_CONVERSION = YES;
				GCC_WARN_ABOUT_RETURN_TYPE = YES_ERROR;
				GCC_WARN_UNDECLARED_SELECTOR = YES;
				GCC_WARN_UNINITIALIZED_AUTOS = YES_AGGRESSIVE;
				GCC_WARN_UNUSED_FUNCTION = YES;
				GCC_WARN_UNUSED_VARIABLE = YES;
				IPHONEOS_DEPLOYMENT_TARGET = 16.4;
				MTL_ENABLE_DEBUG_INFO = INCLUDE_SOURCE;
				MTL_FAST_MATH = YES;
				ONLY_ACTIVE_ARCH = YES;
				SDKROOT = iphoneos;
				SWIFT_ACTIVE_COMPILATION_CONDITIONS = DEBUG;
				SWIFT_OPTIMIZATION_LEVEL = "-Onone";
			};
			name = Debug;
		};
		B2BE65F02A4451D000F490B3 /* Release */ = {
			isa = XCBuildConfiguration;
			buildSettings = {
				ALWAYS_SEARCH_USER_PATHS = NO;
				CLANG_ANALYZER_NONNULL = YES;
				CLANG_ANALYZER_NUMBER_OBJECT_CONVERSION = YES_AGGRESSIVE;
				CLANG_CXX_LANGUAGE_STANDARD = "gnu++20";
				CLANG_ENABLE_MODULES = YES;
				CLANG_ENABLE_OBJC_ARC = YES;
				CLANG_ENABLE_OBJC_WEAK = YES;
				CLANG_WARN_BLOCK_CAPTURE_AUTORELEASING = YES;
				CLANG_WARN_BOOL_CONVERSION = YES;
				CLANG_WARN_COMMA = YES;
				CLANG_WARN_CONSTANT_CONVERSION = YES;
				CLANG_WARN_DEPRECATED_OBJC_IMPLEMENTATIONS = YES;
				CLANG_WARN_DIRECT_OBJC_ISA_USAGE = YES_ERROR;
				CLANG_WARN_DOCUMENTATION_COMMENTS = YES;
				CLANG_WARN_EMPTY_BODY = YES;
				CLANG_WARN_ENUM_CONVERSION = YES;
				CLANG_WARN_INFINITE_RECURSION = YES;
				CLANG_WARN_INT_CONVERSION = YES;
				CLANG_WARN_NON_LITERAL_NULL_CONVERSION = YES;
				CLANG_WARN_OBJC_IMPLICIT_RETAIN_SELF = YES;
				CLANG_WARN_OBJC_LITERAL_CONVERSION = YES;
				CLANG_WARN_OBJC_ROOT_CLASS = YES_ERROR;
				CLANG_WARN_QUOTED_INCLUDE_IN_FRAMEWORK_HEADER = YES;
				CLANG_WARN_RANGE_LOOP_ANALYSIS = YES;
				CLANG_WARN_STRICT_PROTOTYPES = YES;
				CLANG_WARN_SUSPICIOUS_MOVE = YES;
				CLANG_WARN_UNGUARDED_AVAILABILITY = YES_AGGRESSIVE;
				CLANG_WARN_UNREACHABLE_CODE = YES;
				CLANG_WARN__DUPLICATE_METHOD_MATCH = YES;
				COPY_PHASE_STRIP = NO;
				DEBUG_INFORMATION_FORMAT = "dwarf-with-dsym";
				ENABLE_NS_ASSERTIONS = NO;
				ENABLE_STRICT_OBJC_MSGSEND = YES;
				ENABLE_USER_SCRIPT_SANDBOXING = NO;
				GCC_C_LANGUAGE_STANDARD = gnu11;
				GCC_NO_COMMON_BLOCKS = YES;
				GCC_WARN_64_TO_32_BIT_CONVERSION = YES;
				GCC_WARN_ABOUT_RETURN_TYPE = YES_ERROR;
				GCC_WARN_UNDECLARED_SELECTOR = YES;
				GCC_WARN_UNINITIALIZED_AUTOS = YES_AGGRESSIVE;
				GCC_WARN_UNUSED_FUNCTION = YES;
				GCC_WARN_UNUSED_VARIABLE = YES;
				IPHONEOS_DEPLOYMENT_TARGET = 16.4;
				MTL_ENABLE_DEBUG_INFO = NO;
				MTL_FAST_MATH = YES;
				SDKROOT = iphoneos;
				SWIFT_COMPILATION_MODE = wholemodule;
				SWIFT_OPTIMIZATION_LEVEL = "-O";
				VALIDATE_PRODUCT = YES;
			};
			name = Release;
		};
		B2BE65F22A4451D000F490B3 /* Debug */ = {
			isa = XCBuildConfiguration;
			baseConfigurationReference = 0E8CF22FF2A3290E032F179C /* Pods-BeerApp.debug.xcconfig */;
			buildSettings = {
				ASSETCATALOG_COMPILER_APPICON_NAME = AppIcon;
				ASSETCATALOG_COMPILER_GLOBAL_ACCENT_COLOR_NAME = AccentColor;
				CODE_SIGN_STYLE = Automatic;
				CURRENT_PROJECT_VERSION = 1;
				DEVELOPMENT_TEAM = 9JPJ7C4PAL;
				GENERATE_INFOPLIST_FILE = YES;
				INFOPLIST_FILE = BeerApp/SupportingFille/Info.plist;
				INFOPLIST_KEY_UIApplicationSupportsIndirectInputEvents = YES;
				INFOPLIST_KEY_UILaunchStoryboardName = LaunchScreen;
				INFOPLIST_KEY_UISupportedInterfaceOrientations_iPad = "UIInterfaceOrientationPortrait UIInterfaceOrientationPortraitUpsideDown UIInterfaceOrientationLandscapeLeft UIInterfaceOrientationLandscapeRight";
				INFOPLIST_KEY_UISupportedInterfaceOrientations_iPhone = "UIInterfaceOrientationPortrait UIInterfaceOrientationLandscapeLeft UIInterfaceOrientationLandscapeRight";
				IPHONEOS_DEPLOYMENT_TARGET = 15.5;
				LD_RUNPATH_SEARCH_PATHS = (
					"$(inherited)",
					"@executable_path/Frameworks",
				);
				MARKETING_VERSION = 1.0;
				PRODUCT_BUNDLE_IDENTIFIER = vladShima.BeerApp;
				PRODUCT_NAME = "$(TARGET_NAME)";
				SWIFT_EMIT_LOC_STRINGS = YES;
				SWIFT_VERSION = 5.0;
				TARGETED_DEVICE_FAMILY = "1,2";
			};
			name = Debug;
		};
		B2BE65F32A4451D000F490B3 /* Release */ = {
			isa = XCBuildConfiguration;
			baseConfigurationReference = 348E01205B9D57DFB8E03253 /* Pods-BeerApp.release.xcconfig */;
			buildSettings = {
				ASSETCATALOG_COMPILER_APPICON_NAME = AppIcon;
				ASSETCATALOG_COMPILER_GLOBAL_ACCENT_COLOR_NAME = AccentColor;
				CODE_SIGN_STYLE = Automatic;
				CURRENT_PROJECT_VERSION = 1;
				DEVELOPMENT_TEAM = 9JPJ7C4PAL;
				GENERATE_INFOPLIST_FILE = YES;
				INFOPLIST_FILE = BeerApp/SupportingFille/Info.plist;
				INFOPLIST_KEY_UIApplicationSupportsIndirectInputEvents = YES;
				INFOPLIST_KEY_UILaunchStoryboardName = LaunchScreen;
				INFOPLIST_KEY_UISupportedInterfaceOrientations_iPad = "UIInterfaceOrientationPortrait UIInterfaceOrientationPortraitUpsideDown UIInterfaceOrientationLandscapeLeft UIInterfaceOrientationLandscapeRight";
				INFOPLIST_KEY_UISupportedInterfaceOrientations_iPhone = "UIInterfaceOrientationPortrait UIInterfaceOrientationLandscapeLeft UIInterfaceOrientationLandscapeRight";
				IPHONEOS_DEPLOYMENT_TARGET = 15.5;
				LD_RUNPATH_SEARCH_PATHS = (
					"$(inherited)",
					"@executable_path/Frameworks",
				);
				MARKETING_VERSION = 1.0;
				PRODUCT_BUNDLE_IDENTIFIER = vladShima.BeerApp;
				PRODUCT_NAME = "$(TARGET_NAME)";
				SWIFT_EMIT_LOC_STRINGS = YES;
				SWIFT_VERSION = 5.0;
				TARGETED_DEVICE_FAMILY = "1,2";
			};
			name = Release;
		};
/* End XCBuildConfiguration section */

/* Begin XCConfigurationList section */
		B2BE65D82A4451CE00F490B3 /* Build configuration list for PBXProject "BeerApp" */ = {
			isa = XCConfigurationList;
			buildConfigurations = (
				B2BE65EF2A4451D000F490B3 /* Debug */,
				B2BE65F02A4451D000F490B3 /* Release */,
			);
			defaultConfigurationIsVisible = 0;
			defaultConfigurationName = Release;
		};
		B2BE65F12A4451D000F490B3 /* Build configuration list for PBXNativeTarget "BeerApp" */ = {
			isa = XCConfigurationList;
			buildConfigurations = (
				B2BE65F22A4451D000F490B3 /* Debug */,
				B2BE65F32A4451D000F490B3 /* Release */,
			);
			defaultConfigurationIsVisible = 0;
			defaultConfigurationName = Release;
		};
/* End XCConfigurationList section */
	};
	rootObject = B2BE65D52A4451CE00F490B3 /* Project object */;
}
